PODS:
  - WXCustomerServiceLib (1.0.2)

DEPENDENCIES:
  - WXCustomerServiceLib (from `../`)

EXTERNAL SOURCES:
  WXCustomerServiceLib:
    :path: "../"

SPEC CHECKSUMS:
  WXCustomerServiceLib: b8f8ad1d33c46d0887945a92f3cd4d98eddd51a9

PODFILE CHECKSUM: 93ad879b5f6b13d1c457ffbef73ff2682d13ba05

COCOAPODS: 1.11.2
