PODS:
  - WXCustomerServiceLib (1.0.1)

DEPENDENCIES:
  - WXCustomerServiceLib (from `../`)

EXTERNAL SOURCES:
  WXCustomerServiceLib:
    :path: "../"

SPEC CHECKSUMS:
  WXCustomerServiceLib: f11b82a16a7e49f15b85a8e9a579aea6ef3c5d15

PODFILE CHECKSUM: 93ad879b5f6b13d1c457ffbef73ff2682d13ba05

COCOAPODS: 1.11.2
